{
  "name": "prloop",
  "version": "0.1.0",
  "lockfileVersion": 3,
  "requires": true,
  "packages": {
    "": {
      "name": "prloop",
      "version": "0.1.0",
      "license": "MIT",
      "bin": {
        "prloop": "bin/prloop.mjs"
      },
      "engines": {
        "node": ">=20"
      }
    }
  }
}
