{
  "name": "@criz88/prloop",
  "version": "0.1.7",
  "lockfileVersion": 3,
  "requires": true,
  "packages": {
    "": {
      "name": "@criz88/prloop",
      "version": "0.1.7",
      "license": "MIT",
      "bin": {
        "prloop": "bin/prloop.mjs"
      },
      "engines": {
        "node": ">=20"
      }
    }
  }
}
